<?xml version="1.0" encoding="utf-8"?>
<Project ToolsVersion="4.0" xmlns="http://schemas.microsoft.com/developer/msbuild/2003">
  <ItemGroup>
    <Filter Include="Source Files">
      <UniqueIdentifier>{e24535c1-8045-4bcd-b7a8-ad7c0f0cd04f}</UniqueIdentifier>
      <Extensions>cpp;c;cxx;def;odl;idl;hpj;bat;asm</Extensions>
    </Filter>
    <Filter Include="Header Files">
      <UniqueIdentifier>{dc70d88e-1a9d-4bda-98e7-3adcd6178831}</UniqueIdentifier>
      <Extensions>h;hpp;hxx;hm;inl;inc</Extensions>
    </Filter>
    <Filter Include="Resource Files">
      <UniqueIdentifier>{8557b6b1-a4d1-4755-8f2a-3bcab369d02b}</UniqueIdentifier>
      <Extensions>rc;ico;cur;bmp;dlg;rc2;rct;bin;rgs;jpg;jpeg;jpe;manifest</Extensions>
    </Filter>
    <Filter Include="Utils">
      <UniqueIdentifier>{2eef35db-415e-49c5-ad3b-0ab1986d518d}</UniqueIdentifier>
    </Filter>
    <Filter Include="Config">
      <UniqueIdentifier>{1ba82934-b2fc-4d84-823c-3a1d8b17d142}</UniqueIdentifier>
    </Filter>
    <Filter Include="Tabs">
      <UniqueIdentifier>{79d1bf35-278a-4795-9f4a-a27d11b234a1}</UniqueIdentifier>
    </Filter>
    <Filter Include="Dialogs">
      <UniqueIdentifier>{8df0aabf-e29e-40ac-b693-5bf40f4d1936}</UniqueIdentifier>
    </Filter>
    <Filter Include="DDMLib">
      <UniqueIdentifier>{01cebd88-aedd-44b3-8032-ced923c058bb}</UniqueIdentifier>
    </Filter>
    <Filter Include="DDMLib\System">
      <UniqueIdentifier>{074f9e60-23ad-4a1d-a53e-d7ddd5b20e5a}</UniqueIdentifier>
    </Filter>
  </ItemGroup>
  <ItemGroup>
    <ClCompile Include="stdafx.cpp">
      <Filter>Source Files</Filter>
    </ClCompile>
    <ClCompile Include="AdbWinGui.cpp">
      <Filter>Source Files</Filter>
    </ClCompile>
    <ClCompile Include="MainFrm.cpp">
      <Filter>Source Files</Filter>
    </ClCompile>
    <ClCompile Include="MainTabView.cpp">
      <Filter>Source Files</Filter>
    </ClCompile>
    <ClCompile Include="Config\ConfigManager.cpp">
      <Filter>Config</Filter>
    </ClCompile>
    <ClCompile Include="MainTab.cpp">
      <Filter>Tabs</Filter>
    </ClCompile>
    <ClCompile Include="SettingTab.cpp">
      <Filter>Tabs</Filter>
    </ClCompile>
    <ClCompile Include="AdbPathErrorDlg.cpp">
      <Filter>Dialogs</Filter>
    </ClCompile>
    <ClCompile Include="MessageTaskDlg.cpp">
      <Filter>Dialogs</Filter>
    </ClCompile>
    <ClCompile Include="AboutDlg.cpp">
      <Filter>Dialogs</Filter>
    </ClCompile>
    <ClCompile Include="AdbPreparingDlg.cpp">
      <Filter>Dialogs</Filter>
    </ClCompile>
    <ClCompile Include="DDMLib\AndroidDebugBridge.cpp">
      <Filter>DDMLib</Filter>
    </ClCompile>
    <ClCompile Include="DDMLib\DeviceMonitor.cpp">
      <Filter>DDMLib</Filter>
    </ClCompile>
    <ClCompile Include="DDMLib\AdbVersion.cpp">
      <Filter>DDMLib</Filter>
    </ClCompile>
    <ClCompile Include="DDMLib\IDevice.cpp">
      <Filter>DDMLib</Filter>
    </ClCompile>
    <ClCompile Include="DDMLib\System\SocketClient.cpp">
      <Filter>DDMLib\System</Filter>
    </ClCompile>
    <ClCompile Include="DDMLib\AdbHelper.cpp">
      <Filter>DDMLib</Filter>
    </ClCompile>
    <ClCompile Include="DDMLib\DdmPreferences.cpp">
      <Filter>DDMLib</Filter>
    </ClCompile>
    <ClCompile Include="DDMLib\System\SocketCore.cpp">
      <Filter>DDMLib\System</Filter>
    </ClCompile>
    <ClCompile Include="DDMLib\Device.cpp">
      <Filter>DDMLib</Filter>
    </ClCompile>
  </ItemGroup>
  <ItemGroup>
    <ClInclude Include="stdafx.h">
      <Filter>Header Files</Filter>
    </ClInclude>
    <ClInclude Include="targetver.h">
      <Filter>Header Files</Filter>
    </ClInclude>
    <ClInclude Include="MainFrm.h">
      <Filter>Header Files</Filter>
    </ClInclude>
    <ClInclude Include="resource.h">
      <Filter>Header Files</Filter>
    </ClInclude>
    <ClInclude Include="Ribbon.h">
      <Filter>Header Files</Filter>
    </ClInclude>
    <ClInclude Include="MainTabView.h">
      <Filter>Header Files</Filter>
    </ClInclude>
    <ClInclude Include="Utils\AdbPath.h">
      <Filter>Utils</Filter>
    </ClInclude>
    <ClInclude Include="Config\IConfig.h">
      <Filter>Config</Filter>
    </ClInclude>
    <ClInclude Include="Config\AdbPathConfig.h">
      <Filter>Config</Filter>
    </ClInclude>
    <ClInclude Include="Config\ConfigManager.h">
      <Filter>Config</Filter>
    </ClInclude>
    <ClInclude Include="MessageDefine.h">
      <Filter>Header Files</Filter>
    </ClInclude>
    <ClInclude Include="Config\ConfigKeyDefine.h">
      <Filter>Config</Filter>
    </ClInclude>
    <ClInclude Include="MainTab.h">
      <Filter>Tabs</Filter>
    </ClInclude>
    <ClInclude Include="SettingTab.h">
      <Filter>Tabs</Filter>
    </ClInclude>
    <ClInclude Include="MessageTaskDlg.h">
      <Filter>Dialogs</Filter>
    </ClInclude>
    <ClInclude Include="AdbPathErrorDlg.h">
      <Filter>Dialogs</Filter>
    </ClInclude>
    <ClInclude Include="AboutDlg.h">
      <Filter>Dialogs</Filter>
    </ClInclude>
    <ClInclude Include="AdbPreparingDlg.h">
      <Filter>Dialogs</Filter>
    </ClInclude>
    <ClInclude Include="DDMLib\AndroidDebugBridge.h">
      <Filter>DDMLib</Filter>
    </ClInclude>
    <ClInclude Include="DDMLib\DeviceMonnitor.h">
      <Filter>DDMLib</Filter>
    </ClInclude>
    <ClInclude Include="DDMLib\CommonDefine.h">
      <Filter>DDMLib</Filter>
    </ClInclude>
    <ClInclude Include="DDMLib\AdbVersion.h">
      <Filter>DDMLib</Filter>
    </ClInclude>
    <ClInclude Include="DDMLib\StringUtils.h">
      <Filter>DDMLib</Filter>
    </ClInclude>
    <ClInclude Include="DDMLib\System\FileReadWrite.h">
      <Filter>DDMLib\System</Filter>
    </ClInclude>
    <ClInclude Include="DDMLib\System\Process.h">
      <Filter>DDMLib\System</Filter>
    </ClInclude>
    <ClInclude Include="DDMLib\System\StreamReader.h">
      <Filter>DDMLib\System</Filter>
    </ClInclude>
    <ClInclude Include="DDMLib\IShellEnabledDevice.h">
      <Filter>DDMLib</Filter>
    </ClInclude>
    <ClInclude Include="DDMLib\IShellOutputReceiver.h">
      <Filter>DDMLib</Filter>
    </ClInclude>
    <ClInclude Include="DDMLib\IDevice.h">
      <Filter>DDMLib</Filter>
    </ClInclude>
    <ClInclude Include="DDMLib\System\SocketAddress.h">
      <Filter>DDMLib\System</Filter>
    </ClInclude>
    <ClInclude Include="DDMLib\System\ConvertUtils.h">
      <Filter>DDMLib\System</Filter>
    </ClInclude>
    <ClInclude Include="DDMLib\System\SocketClient.h">
      <Filter>DDMLib\System</Filter>
    </ClInclude>
    <ClInclude Include="DDMLib\System\SysDef.h">
      <Filter>DDMLib\System</Filter>
    </ClInclude>
    <ClInclude Include="DDMLib\AdbHelper.h">
      <Filter>DDMLib</Filter>
    </ClInclude>
    <ClInclude Include="DDMLib\DdmPreferences.h">
      <Filter>DDMLib</Filter>
    </ClInclude>
    <ClInclude Include="DDMLib\System\SocketCore.h">
      <Filter>DDMLib\System</Filter>
    </ClInclude>
    <ClInclude Include="Utils\AndroidEnvVarEx.h">
      <Filter>Utils</Filter>
    </ClInclude>
    <ClInclude Include="DDMLib\Device.h">
      <Filter>DDMLib</Filter>
    </ClInclude>
    <ClInclude Include="DDMLib\AndroidEnvVar.h">
      <Filter>DDMLib</Filter>
    </ClInclude>
  </ItemGroup>
  <ItemGroup>
    <ResourceCompile Include="AdbWinGui.rc">
      <Filter>Resource Files</Filter>
    </ResourceCompile>
  </ItemGroup>
  <ItemGroup>
    <Image Include="res\toolbar.bmp">
      <Filter>Resource Files</Filter>
    </Image>
    <Image Include="res\AdbWinGui.ico">
      <Filter>Resource Files</Filter>
    </Image>
    <Image Include="res\device.bmp">
      <Filter>Resource Files</Filter>
    </Image>
  </ItemGroup>
  <ItemGroup>
    <CustomBuild Include="Ribbon.xml" />
  </ItemGroup>
</Project>